<Solution>
  <Project Path="AoDaiNhaUyen.Api/AoDaiNhaUyen.Api.csproj" />
  <Project Path="AoDaiNhaUyen.Application/AoDaiNhaUyen.Application.csproj" />
  <Project Path="AoDaiNhaUyen.Domain/AoDaiNhaUyen.Domain.csproj" />
  <Project Path="AoDaiNhaUyen.Infrastructure/AoDaiNhaUyen.Infrastructure.csproj" />
</Solution>
